// !$*UTF8*$!
{
	archiveVersion = 1;
	classes = {
	};
	objectVersion = 46;
	objects = {

/* Begin PBXBuildFile section */
		26156C4E1FB43EEE00AAF0F3 /* Assets.xcassets in Resources */ = {isa = PBXBuildFile; fileRef = 26156C4D1FB43EEE00AAF0F3 /* Assets.xcassets */; };
		26156C5C1FB43F5100AAF0F3 /* libsqlite3.0.tbd in Frameworks */ = {isa = PBXBuildFile; fileRef = 26156C5B1FB43F5100AAF0F3 /* libsqlite3.0.tbd */; };
		26156C631FB4414B00AAF0F3 /* DatabaseHandlerClass.swift in Sources */ = {isa = PBXBuildFile; fileRef = 26156C621FB4414B00AAF0F3 /* DatabaseHandlerClass.swift */; };
		26156C671FB4415800AAF0F3 /* AppDelegate.swift in Sources */ = {isa = PBXBuildFile; fileRef = 26156C641FB4415800AAF0F3 /* AppDelegate.swift */; };
		26156C6D1FB441C400AAF0F3 /* LaunchScreen.storyboard in Resources */ = {isa = PBXBuildFile; fileRef = 26156C6B1FB441C400AAF0F3 /* LaunchScreen.storyboard */; };
		26156C6E1FB441C400AAF0F3 /* Main.storyboard in Resources */ = {isa = PBXBuildFile; fileRef = 26156C6C1FB441C400AAF0F3 /* Main.storyboard */; };
		26156C701FB464BC00AAF0F3 /* employee.db in Resources */ = {isa = PBXBuildFile; fileRef = 26156C6F1FB464BC00AAF0F3 /* employee.db */; };
		26156C731FB464F700AAF0F3 /* EmployeeTableViewController.swift in Sources */ = {isa = PBXBuildFile; fileRef = 26156C721FB464F700AAF0F3 /* EmployeeTableViewController.swift */; };
		26156C761FB485BE00AAF0F3 /* EmployeeModel.swift in Sources */ = {isa = PBXBuildFile; fileRef = 26156C751FB485BE00AAF0F3 /* EmployeeModel.swift */; };
/* End PBXBuildFile section */

/* Begin PBXFileReference section */
		26156C431FB43EEE00AAF0F3 /* DatabaseHandler.app */ = {isa = PBXFileReference; explicitFileType = wrapper.application; includeInIndex = 0; path = DatabaseHandler.app; sourceTree = BUILT_PRODUCTS_DIR; };
		26156C4D1FB43EEE00AAF0F3 /* Assets.xcassets */ = {isa = PBXFileReference; lastKnownFileType = folder.assetcatalog; path = Assets.xcassets; sourceTree = "<group>"; };
		26156C5B1FB43F5100AAF0F3 /* libsqlite3.0.tbd */ = {isa = PBXFileReference; lastKnownFileType = "sourcecode.text-based-dylib-definition"; name = libsqlite3.0.tbd; path = usr/lib/libsqlite3.0.tbd; sourceTree = SDKROOT; };
		26156C621FB4414B00AAF0F3 /* DatabaseHandlerClass.swift */ = {isa = PBXFileReference; fileEncoding = 4; lastKnownFileType = sourcecode.swift; path = DatabaseHandlerClass.swift; sourceTree = "<group>"; };
		26156C641FB4415800AAF0F3 /* AppDelegate.swift */ = {isa = PBXFileReference; fileEncoding = 4; lastKnownFileType = sourcecode.swift; path = AppDelegate.swift; sourceTree = "<group>"; };
		26156C651FB4415800AAF0F3 /* DatabseHandler-Bridging-Header.h */ = {isa = PBXFileReference; fileEncoding = 4; lastKnownFileType = sourcecode.c.h; path = "DatabseHandler-Bridging-Header.h"; sourceTree = "<group>"; };
		26156C661FB4415800AAF0F3 /* Info.plist */ = {isa = PBXFileReference; fileEncoding = 4; lastKnownFileType = text.plist.xml; path = Info.plist; sourceTree = "<group>"; };
		26156C6B1FB441C400AAF0F3 /* LaunchScreen.storyboard */ = {isa = PBXFileReference; fileEncoding = 4; lastKnownFileType = file.storyboard; path = LaunchScreen.storyboard; sourceTree = "<group>"; };
		26156C6C1FB441C400AAF0F3 /* Main.storyboard */ = {isa = PBXFileReference; fileEncoding = 4; lastKnownFileType = file.storyboard; path = Main.storyboard; sourceTree = "<group>"; };
		26156C6F1FB464BC00AAF0F3 /* employee.db */ = {isa = PBXFileReference; lastKnownFileType = file; path = employee.db; sourceTree = "<group>"; };
		26156C721FB464F700AAF0F3 /* EmployeeTableViewController.swift */ = {isa = PBXFileReference; fileEncoding = 4; lastKnownFileType = sourcecode.swift; path = EmployeeTableViewController.swift; sourceTree = "<group>"; };
		26156C751FB485BE00AAF0F3 /* EmployeeModel.swift */ = {isa = PBXFileReference; fileEncoding = 4; lastKnownFileType = sourcecode.swift; path = EmployeeModel.swift; sourceTree = "<group>"; };
/* End PBXFileReference section */

/* Begin PBXFrameworksBuildPhase section */
		26156C401FB43EEE00AAF0F3 /* Frameworks */ = {
			isa = PBXFrameworksBuildPhase;
			buildActionMask = 2147483647;
			files = (
				26156C5C1FB43F5100AAF0F3 /* libsqlite3.0.tbd in Frameworks */,
			);
			runOnlyForDeploymentPostprocessing = 0;
		};
/* End PBXFrameworksBuildPhase section */

/* Begin PBXGroup section */
		26156C3A1FB43EEE00AAF0F3 = {
			isa = PBXGroup;
			children = (
				26156C451FB43EEE00AAF0F3 /* DatabaseHandler */,
				26156C441FB43EEE00AAF0F3 /* Products */,
				26156C5A1FB43F5100AAF0F3 /* Frameworks */,
			);
			sourceTree = "<group>";
		};
		26156C441FB43EEE00AAF0F3 /* Products */ = {
			isa = PBXGroup;
			children = (
				26156C431FB43EEE00AAF0F3 /* DatabaseHandler.app */,
			);
			name = Products;
			sourceTree = "<group>";
		};
		26156C451FB43EEE00AAF0F3 /* DatabaseHandler */ = {
			isa = PBXGroup;
			children = (
				26156C691FB4416D00AAF0F3 /* View */,
				26156C611FB4412000AAF0F3 /* DatabaseHandler */,
				26156C601FB440FA00AAF0F3 /* Presentation */,
				26156C5F1FB440EE00AAF0F3 /* Models */,
				26156C5E1FB440E400AAF0F3 /* Extensions */,
				26156C4D1FB43EEE00AAF0F3 /* Assets.xcassets */,
			);
			path = DatabaseHandler;
			sourceTree = "<group>";
		};
		26156C5A1FB43F5100AAF0F3 /* Frameworks */ = {
			isa = PBXGroup;
			children = (
				26156C5B1FB43F5100AAF0F3 /* libsqlite3.0.tbd */,
			);
			name = Frameworks;
			sourceTree = "<group>";
		};
		26156C5E1FB440E400AAF0F3 /* Extensions */ = {
			isa = PBXGroup;
			children = (
				26156C641FB4415800AAF0F3 /* AppDelegate.swift */,
				26156C651FB4415800AAF0F3 /* DatabseHandler-Bridging-Header.h */,
				26156C661FB4415800AAF0F3 /* Info.plist */,
			);
			path = Extensions;
			sourceTree = "<group>";
		};
		26156C5F1FB440EE00AAF0F3 /* Models */ = {
			isa = PBXGroup;
			children = (
				26156C741FB485A500AAF0F3 /* EmployeeModel */,
			);
			path = Models;
			sourceTree = "<group>";
		};
		26156C601FB440FA00AAF0F3 /* Presentation */ = {
			isa = PBXGroup;
			children = (
				26156C711FB464DA00AAF0F3 /* EmployeeViewController */,
			);
			path = Presentation;
			sourceTree = "<group>";
		};
		26156C611FB4412000AAF0F3 /* DatabaseHandler */ = {
			isa = PBXGroup;
			children = (
				26156C621FB4414B00AAF0F3 /* DatabaseHandlerClass.swift */,
				26156C6F1FB464BC00AAF0F3 /* employee.db */,
			);
			path = DatabaseHandler;
			sourceTree = "<group>";
		};
		26156C691FB4416D00AAF0F3 /* View */ = {
			isa = PBXGroup;
			children = (
				26156C6A1FB4417800AAF0F3 /* StoryBoard */,
			);
			path = View;
			sourceTree = "<group>";
		};
		26156C6A1FB4417800AAF0F3 /* StoryBoard */ = {
			isa = PBXGroup;
			children = (
				26156C6B1FB441C400AAF0F3 /* LaunchScreen.storyboard */,
				26156C6C1FB441C400AAF0F3 /* Main.storyboard */,
			);
			path = StoryBoard;
			sourceTree = "<group>";
		};
		26156C711FB464DA00AAF0F3 /* EmployeeViewController */ = {
			isa = PBXGroup;
			children = (
				26156C721FB464F700AAF0F3 /* EmployeeTableViewController.swift */,
			);
			path = EmployeeViewController;
			sourceTree = "<group>";
		};
		26156C741FB485A500AAF0F3 /* EmployeeModel */ = {
			isa = PBXGroup;
			children = (
				26156C751FB485BE00AAF0F3 /* EmployeeModel.swift */,
			);
			path = EmployeeModel;
			sourceTree = "<group>";
		};
/* End PBXGroup section */

/* Begin PBXNativeTarget section */
		26156C421FB43EEE00AAF0F3 /* DatabaseHandler */ = {
			isa = PBXNativeTarget;
			buildConfigurationList = 26156C551FB43EEE00AAF0F3 /* Build configuration list for PBXNativeTarget "DatabaseHandler" */;
			buildPhases = (
				26156C3F1FB43EEE00AAF0F3 /* Sources */,
				26156C401FB43EEE00AAF0F3 /* Frameworks */,
				26156C411FB43EEE00AAF0F3 /* Resources */,
			);
			buildRules = (
			);
			dependencies = (
			);
			name = DatabaseHandler;
			productName = DatabaseHandler;
			productReference = 26156C431FB43EEE00AAF0F3 /* DatabaseHandler.app */;
			productType = "com.apple.product-type.application";
		};
/* End PBXNativeTarget section */

/* Begin PBXProject section */
		26156C3B1FB43EEE00AAF0F3 /* Project object */ = {
			isa = PBXProject;
			attributes = {
				LastSwiftUpdateCheck = 0830;
				LastUpgradeCheck = 0910;
				ORGANIZATIONNAME = vaibhav;
				TargetAttributes = {
					26156C421FB43EEE00AAF0F3 = {
						CreatedOnToolsVersion = 8.3.3;
						ProvisioningStyle = Manual;
					};
				};
			};
			buildConfigurationList = 26156C3E1FB43EEE00AAF0F3 /* Build configuration list for PBXProject "DatabaseHandler" */;
			compatibilityVersion = "Xcode 3.2";
			developmentRegion = English;
			hasScannedForEncodings = 0;
			knownRegions = (
				en,
				Base,
			);
			mainGroup = 26156C3A1FB43EEE00AAF0F3;
			productRefGroup = 26156C441FB43EEE00AAF0F3 /* Products */;
			projectDirPath = "";
			projectRoot = "";
			targets = (
				26156C421FB43EEE00AAF0F3 /* DatabaseHandler */,
			);
		};
/* End PBXProject section */

/* Begin PBXResourcesBuildPhase section */
		26156C411FB43EEE00AAF0F3 /* Resources */ = {
			isa = PBXResourcesBuildPhase;
			buildActionMask = 2147483647;
			files = (
				26156C6D1FB441C400AAF0F3 /* LaunchScreen.storyboard in Resources */,
				26156C4E1FB43EEE00AAF0F3 /* Assets.xcassets in Resources */,
				26156C701FB464BC00AAF0F3 /* employee.db in Resources */,
				26156C6E1FB441C400AAF0F3 /* Main.storyboard in Resources */,
			);
			runOnlyForDeploymentPostprocessing = 0;
		};
/* End PBXResourcesBuildPhase section */

/* Begin PBXSourcesBuildPhase section */
		26156C3F1FB43EEE00AAF0F3 /* Sources */ = {
			isa = PBXSourcesBuildPhase;
			buildActionMask = 2147483647;
			files = (
				26156C671FB4415800AAF0F3 /* AppDelegate.swift in Sources */,
				26156C731FB464F700AAF0F3 /* EmployeeTableViewController.swift in Sources */,
				26156C631FB4414B00AAF0F3 /* DatabaseHandlerClass.swift in Sources */,
				26156C761FB485BE00AAF0F3 /* EmployeeModel.swift in Sources */,
			);
			runOnlyForDeploymentPostprocessing = 0;
		};
/* End PBXSourcesBuildPhase section */

/* Begin XCBuildConfiguration section */
		26156C531FB43EEE00AAF0F3 /* Debug */ = {
			isa = XCBuildConfiguration;
			buildSettings = {
				ALWAYS_SEARCH_USER_PATHS = NO;
				CLANG_ANALYZER_NONNULL = YES;
				CLANG_ANALYZER_NUMBER_OBJECT_CONVERSION = YES_AGGRESSIVE;
				CLANG_CXX_LANGUAGE_STANDARD = "gnu++0x";
				CLANG_CXX_LIBRARY = "libc++";
				CLANG_ENABLE_MODULES = YES;
				CLANG_ENABLE_OBJC_ARC = YES;
				CLANG_WARN_BLOCK_CAPTURE_AUTORELEASING = YES;
				CLANG_WARN_BOOL_CONVERSION = YES;
				CLANG_WARN_COMMA = YES;
				CLANG_WARN_CONSTANT_CONVERSION = YES;
				CLANG_WARN_DIRECT_OBJC_ISA_USAGE = YES_ERROR;
				CLANG_WARN_DOCUMENTATION_COMMENTS = YES;
				CLANG_WARN_EMPTY_BODY = YES;
				CLANG_WARN_ENUM_CONVERSION = YES;
				CLANG_WARN_INFINITE_RECURSION = YES;
				CLANG_WARN_INT_CONVERSION = YES;
				CLANG_WARN_NON_LITERAL_NULL_CONVERSION = YES;
				CLANG_WARN_OBJC_LITERAL_CONVERSION = YES;
				CLANG_WARN_OBJC_ROOT_CLASS = YES_ERROR;
				CLANG_WARN_RANGE_LOOP_ANALYSIS = YES;
				CLANG_WARN_STRICT_PROTOTYPES = YES;
				CLANG_WARN_SUSPICIOUS_MOVE = YES;
				CLANG_WARN_UNREACHABLE_CODE = YES;
				CLANG_WARN__DUPLICATE_METHOD_MATCH = YES;
				"CODE_SIGN_IDENTITY[sdk=iphoneos*]" = "iPhone Developer";
				COPY_PHASE_STRIP = NO;
				DEBUG_INFORMATION_FORMAT = dwarf;
				ENABLE_STRICT_OBJC_MSGSEND = YES;
				ENABLE_TESTABILITY = YES;
				GCC_C_LANGUAGE_STANDARD = gnu99;
				GCC_DYNAMIC_NO_PIC = NO;
				GCC_NO_COMMON_BLOCKS = YES;
				GCC_OPTIMIZATION_LEVEL = 0;
				GCC_PREPROCESSOR_DEFINITIONS = (
					"DEBUG=1",
					"$(inherited)",
				);
				GCC_WARN_64_TO_32_BIT_CONVERSION = YES;
				GCC_WARN_ABOUT_RETURN_TYPE = YES_ERROR;
				GCC_WARN_UNDECLARED_SELECTOR = YES;
				GCC_WARN_UNINITIALIZED_AUTOS = YES_AGGRESSIVE;
				GCC_WARN_UNUSED_FUNCTION = YES;
				GCC_WARN_UNUSED_VARIABLE = YES;
				IPHONEOS_DEPLOYMENT_TARGET = 10.3;
				MTL_ENABLE_DEBUG_INFO = YES;
				ONLY_ACTIVE_ARCH = YES;
				SDKROOT = iphoneos;
				SWIFT_ACTIVE_COMPILATION_CONDITIONS = DEBUG;
				SWIFT_OPTIMIZATION_LEVEL = "-Onone";
				TARGETED_DEVICE_FAMILY = "1,2";
			};
			name = Debug;
		};
		26156C541FB43EEE00AAF0F3 /* Release */ = {
			isa = XCBuildConfiguration;
			buildSettings = {
				ALWAYS_SEARCH_USER_PATHS = NO;
				CLANG_ANALYZER_NONNULL = YES;
				CLANG_ANALYZER_NUMBER_OBJECT_CONVERSION = YES_AGGRESSIVE;
				CLANG_CXX_LANGUAGE_STANDARD = "gnu++0x";
				CLANG_CXX_LIBRARY = "libc++";
				CLANG_ENABLE_MODULES = YES;
				CLANG_ENABLE_OBJC_ARC = YES;
				CLANG_WARN_BLOCK_CAPTURE_AUTORELEASING = YES;
				CLANG_WARN_BOOL_CONVERSION = YES;
				CLANG_WARN_COMMA = YES;
				CLANG_WARN_CONSTANT_CONVERSION = YES;
				CLANG_WARN_DIRECT_OBJC_ISA_USAGE = YES_ERROR;
				CLANG_WARN_DOCUMENTATION_COMMENTS = YES;
				CLANG_WARN_EMPTY_BODY = YES;
				CLANG_WARN_ENUM_CONVERSION = YES;
				CLANG_WARN_INFINITE_RECURSION = YES;
				CLANG_WARN_INT_CONVERSION = YES;
				CLANG_WARN_NON_LITERAL_NULL_CONVERSION = YES;
				CLANG_WARN_OBJC_LITERAL_CONVERSION = YES;
				CLANG_WARN_OBJC_ROOT_CLASS = YES_ERROR;
				CLANG_WARN_RANGE_LOOP_ANALYSIS = YES;
				CLANG_WARN_STRICT_PROTOTYPES = YES;
				CLANG_WARN_SUSPICIOUS_MOVE = YES;
				CLANG_WARN_UNREACHABLE_CODE = YES;
				CLANG_WARN__DUPLICATE_METHOD_MATCH = YES;
				"CODE_SIGN_IDENTITY[sdk=iphoneos*]" = "iPhone Developer";
				COPY_PHASE_STRIP = NO;
				DEBUG_INFORMATION_FORMAT = "dwarf-with-dsym";
				ENABLE_NS_ASSERTIONS = NO;
				ENABLE_STRICT_OBJC_MSGSEND = YES;
				GCC_C_LANGUAGE_STANDARD = gnu99;
				GCC_NO_COMMON_BLOCKS = YES;
				GCC_WARN_64_TO_32_BIT_CONVERSION = YES;
				GCC_WARN_ABOUT_RETURN_TYPE = YES_ERROR;
				GCC_WARN_UNDECLARED_SELECTOR = YES;
				GCC_WARN_UNINITIALIZED_AUTOS = YES_AGGRESSIVE;
				GCC_WARN_UNUSED_FUNCTION = YES;
				GCC_WARN_UNUSED_VARIABLE = YES;
				IPHONEOS_DEPLOYMENT_TARGET = 10.3;
				MTL_ENABLE_DEBUG_INFO = NO;
				SDKROOT = iphoneos;
				SWIFT_OPTIMIZATION_LEVEL = "-Owholemodule";
				TARGETED_DEVICE_FAMILY = "1,2";
				VALIDATE_PRODUCT = YES;
			};
			name = Release;
		};
		26156C561FB43EEE00AAF0F3 /* Debug */ = {
			isa = XCBuildConfiguration;
			buildSettings = {
				ASSETCATALOG_COMPILER_APPICON_NAME = AppIcon;
				DEVELOPMENT_TEAM = "";
				INFOPLIST_FILE = DatabaseHandler/Extensions/Info.plist;
				IPHONEOS_DEPLOYMENT_TARGET = 9.0;
				LD_RUNPATH_SEARCH_PATHS = "$(inherited) @executable_path/Frameworks";
				PRODUCT_BUNDLE_IDENTIFIER = com.vaibhav.DatabaseHandler;
				PRODUCT_NAME = "$(TARGET_NAME)";
				PROVISIONING_PROFILE_SPECIFIER = "";
				SWIFT_OBJC_BRIDGING_HEADER = "DatabaseHandler/Extensions/DatabseHandler-Bridging-Header.h";
				SWIFT_VERSION = 3.0;
			};
			name = Debug;
		};
		26156C571FB43EEE00AAF0F3 /* Release */ = {
			isa = XCBuildConfiguration;
			buildSettings = {
				ASSETCATALOG_COMPILER_APPICON_NAME = AppIcon;
				DEVELOPMENT_TEAM = "";
				INFOPLIST_FILE = DatabaseHandler/Extensions/Info.plist;
				IPHONEOS_DEPLOYMENT_TARGET = 9.0;
				LD_RUNPATH_SEARCH_PATHS = "$(inherited) @executable_path/Frameworks";
				PRODUCT_BUNDLE_IDENTIFIER = com.vaibhav.DatabaseHandler;
				PRODUCT_NAME = "$(TARGET_NAME)";
				PROVISIONING_PROFILE_SPECIFIER = "";
				SWIFT_OBJC_BRIDGING_HEADER = "DatabaseHandler/Extensions/DatabseHandler-Bridging-Header.h";
				SWIFT_VERSION = 3.0;
			};
			name = Release;
		};
/* End XCBuildConfiguration section */

/* Begin XCConfigurationList section */
		26156C3E1FB43EEE00AAF0F3 /* Build configuration list for PBXProject "DatabaseHandler" */ = {
			isa = XCConfigurationList;
			buildConfigurations = (
				26156C531FB43EEE00AAF0F3 /* Debug */,
				26156C541FB43EEE00AAF0F3 /* Release */,
			);
			defaultConfigurationIsVisible = 0;
			defaultConfigurationName = Release;
		};
		26156C551FB43EEE00AAF0F3 /* Build configuration list for PBXNativeTarget "DatabaseHandler" */ = {
			isa = XCConfigurationList;
			buildConfigurations = (
				26156C561FB43EEE00AAF0F3 /* Debug */,
				26156C571FB43EEE00AAF0F3 /* Release */,
			);
			defaultConfigurationIsVisible = 0;
			defaultConfigurationName = Release;
		};
/* End XCConfigurationList section */
	};
	rootObject = 26156C3B1FB43EEE00AAF0F3 /* Project object */;
}
